
Microsoft Visual Studio Solution File, Format Version 12.00
# Visual Studio 15
VisualStudioVersion = 15.0.26730.10
MinimumVisualStudioVersion = 10.0.40219.1
Project("{FAE04EC0-301F-11D3-BF4B-00C04F79EFBC}") = "Anna_Bondarenko_FinalTask.WEB", "Anna_Bondarenko_FinalTask.WEB\Anna_Bondarenko_FinalTask.WEB.csproj", "{7CEEED88-8E53-4113-BDF5-46AC737E5A04}"
EndProject
Project("{FAE04EC0-301F-11D3-BF4B-00C04F79EFBC}") = "Anna_Bondarenko_FinalTask.DAL", "..\Anna_Bondarenko_FinalTask.DAL\Anna_Bondarenko_FinalTask.DAL.csproj", "{03D2DBE5-2558-4C30-9B5E-6A63B83276AB}"
EndProject
Project("{FAE04EC0-301F-11D3-BF4B-00C04F79EFBC}") = "Anna_Bondarenko_FinalTask.BLL", "..\Anna_Bondarenko_FinalTask.BLL\Anna_Bondarenko_FinalTask.BLL.csproj", "{B7C90DCC-1817-4183-B6CE-F5FDC32E6353}"
EndProject
Project("{FAE04EC0-301F-11D3-BF4B-00C04F79EFBC}") = "Anna_Bondarenko_FinalTask.Models", "..\Anna_Bondarenko_FinalTask.Models\Anna_Bondarenko_FinalTask.Models.csproj", "{FF337462-5650-4DB8-9AEE-82C9C83CF0AD}"
EndProject
Project("{FAE04EC0-301F-11D3-BF4B-00C04F79EFBC}") = "Anna_Bondarenko_FinalTask.Tests", "..\Anna_Bondarenko_FinalTask.Tests\Anna_Bondarenko_FinalTask.Tests.csproj", "{EC1AC204-5332-4E52-87D4-757D3460ABCD}"
EndProject
Global
	GlobalSection(SolutionConfigurationPlatforms) = preSolution
		Debug|Any CPU = Debug|Any CPU
		Release|Any CPU = Release|Any CPU
	EndGlobalSection
	GlobalSection(ProjectConfigurationPlatforms) = postSolution
		{7CEEED88-8E53-4113-BDF5-46AC737E5A04}.Debug|Any CPU.ActiveCfg = Debug|Any CPU
		{7CEEED88-8E53-4113-BDF5-46AC737E5A04}.Debug|Any CPU.Build.0 = Debug|Any CPU
		{7CEEED88-8E53-4113-BDF5-46AC737E5A04}.Release|Any CPU.ActiveCfg = Release|Any CPU
		{7CEEED88-8E53-4113-BDF5-46AC737E5A04}.Release|Any CPU.Build.0 = Release|Any CPU
		{03D2DBE5-2558-4C30-9B5E-6A63B83276AB}.Debug|Any CPU.ActiveCfg = Debug|Any CPU
		{03D2DBE5-2558-4C30-9B5E-6A63B83276AB}.Debug|Any CPU.Build.0 = Debug|Any CPU
		{03D2DBE5-2558-4C30-9B5E-6A63B83276AB}.Release|Any CPU.ActiveCfg = Release|Any CPU
		{03D2DBE5-2558-4C30-9B5E-6A63B83276AB}.Release|Any CPU.Build.0 = Release|Any CPU
		{B7C90DCC-1817-4183-B6CE-F5FDC32E6353}.Debug|Any CPU.ActiveCfg = Debug|Any CPU
		{B7C90DCC-1817-4183-B6CE-F5FDC32E6353}.Debug|Any CPU.Build.0 = Debug|Any CPU
		{B7C90DCC-1817-4183-B6CE-F5FDC32E6353}.Release|Any CPU.ActiveCfg = Release|Any CPU
		{B7C90DCC-1817-4183-B6CE-F5FDC32E6353}.Release|Any CPU.Build.0 = Release|Any CPU
		{FF337462-5650-4DB8-9AEE-82C9C83CF0AD}.Debug|Any CPU.ActiveCfg = Debug|Any CPU
		{FF337462-5650-4DB8-9AEE-82C9C83CF0AD}.Debug|Any CPU.Build.0 = Debug|Any CPU
		{FF337462-5650-4DB8-9AEE-82C9C83CF0AD}.Release|Any CPU.ActiveCfg = Release|Any CPU
		{FF337462-5650-4DB8-9AEE-82C9C83CF0AD}.Release|Any CPU.Build.0 = Release|Any CPU
		{EC1AC204-5332-4E52-87D4-757D3460ABCD}.Debug|Any CPU.ActiveCfg = Debug|Any CPU
		{EC1AC204-5332-4E52-87D4-757D3460ABCD}.Debug|Any CPU.Build.0 = Debug|Any CPU
		{EC1AC204-5332-4E52-87D4-757D3460ABCD}.Release|Any CPU.ActiveCfg = Release|Any CPU
		{EC1AC204-5332-4E52-87D4-757D3460ABCD}.Release|Any CPU.Build.0 = Release|Any CPU
	EndGlobalSection
	GlobalSection(SolutionProperties) = preSolution
		HideSolutionNode = FALSE
	EndGlobalSection
	GlobalSection(ExtensibilityGlobals) = postSolution
		SolutionGuid = {93F8AE00-FC90-4216-929B-D7F1831ED17A}
	EndGlobalSection
EndGlobal
